
Microsoft Visual Studio Solution File, Format Version 12.00
# Visual Studio Version 17
VisualStudioVersion = 17.0.32112.339
MinimumVisualStudioVersion = 10.0.40219.1
Project("{FAE04EC0-301F-11D3-BF4B-00C04F79EFBC}") = "GrundlæggendeStart", "GrundlæggendeStart\GrundlæggendeStart.csproj", "{B1C4F177-FA8E-4FFA-9722-1026E82092BE}"
EndProject
Global
	GlobalSection(SolutionConfigurationPlatforms) = preSolution
		Debug|Any CPU = Debug|Any CPU
		Release|Any CPU = Release|Any CPU
	EndGlobalSection
	GlobalSection(ProjectConfigurationPlatforms) = postSolution
		{B1C4F177-FA8E-4FFA-9722-1026E82092BE}.Debug|Any CPU.ActiveCfg = Debug|Any CPU
		{B1C4F177-FA8E-4FFA-9722-1026E82092BE}.Debug|Any CPU.Build.0 = Debug|Any CPU
		{B1C4F177-FA8E-4FFA-9722-1026E82092BE}.Release|Any CPU.ActiveCfg = Release|Any CPU
		{B1C4F177-FA8E-4FFA-9722-1026E82092BE}.Release|Any CPU.Build.0 = Release|Any CPU
	EndGlobalSection
	GlobalSection(SolutionProperties) = preSolution
		HideSolutionNode = FALSE
	EndGlobalSection
	GlobalSection(ExtensibilityGlobals) = postSolution
		SolutionGuid = {44260868-078F-4D22-BD60-9B61E65A71C1}
	EndGlobalSection
EndGlobal
